// !$*UTF8*$!
{
	archiveVersion = 1;
	classes = {
	};
	objectVersion = 46;
	objects = {

/* Begin PBXBuildFile section */
		1909E4AC1BB043FF00662CD3 /* main.m in Sources */ = {isa = PBXBuildFile; fileRef = 1909E4AB1BB043FF00662CD3 /* main.m */; };
		1909E4AF1BB043FF00662CD3 /* AppDelegate.m in Sources */ = {isa = PBXBuildFile; fileRef = 1909E4AE1BB043FF00662CD3 /* AppDelegate.m */; };
		1909E4B21BB043FF00662CD3 /* L_FMS_iOS.xcdatamodeld in Sources */ = {isa = PBXBuildFile; fileRef = 1909E4B01BB043FF00662CD3 /* L_FMS_iOS.xcdatamodeld */; };
		1909E4B51BB043FF00662CD3 /* ViewController.m in Sources */ = {isa = PBXBuildFile; fileRef = 1909E4B41BB043FF00662CD3 /* ViewController.m */; };
		1909E4B81BB043FF00662CD3 /* Test.storyboard in Resources */ = {isa = PBXBuildFile; fileRef = 1909E4B61BB043FF00662CD3 /* Test.storyboard */; };
		1909E4BA1BB043FF00662CD3 /* Images.xcassets in Resources */ = {isa = PBXBuildFile; fileRef = 1909E4B91BB043FF00662CD3 /* Images.xcassets */; };
		1909E4BD1BB043FF00662CD3 /* LaunchScreen.xib in Resources */ = {isa = PBXBuildFile; fileRef = 1909E4BB1BB043FF00662CD3 /* LaunchScreen.xib */; };
		1909E4C91BB043FF00662CD3 /* L_FMS_iOSTests.m in Sources */ = {isa = PBXBuildFile; fileRef = 1909E4C81BB043FF00662CD3 /* L_FMS_iOSTests.m */; };
		191B03981BB6CBC300C8B3F8 /* Registe&Login.storyboard in Resources */ = {isa = PBXBuildFile; fileRef = 191B03971BB6CBC300C8B3F8 /* Registe&Login.storyboard */; };
		191B039D1BB6CBFE00C8B3F8 /* LFLoginViewController.m in Sources */ = {isa = PBXBuildFile; fileRef = 191B039C1BB6CBFE00C8B3F8 /* LFLoginViewController.m */; };
		191B03A01BB6CC5A00C8B3F8 /* LFRegisteViewController.m in Sources */ = {isa = PBXBuildFile; fileRef = 191B039F1BB6CC5A00C8B3F8 /* LFRegisteViewController.m */; };
		191B03A91BB6DEAA00C8B3F8 /* LFUtils.m in Sources */ = {isa = PBXBuildFile; fileRef = 191B03A81BB6DEAA00C8B3F8 /* LFUtils.m */; };
		191B03AD1BB6E02E00C8B3F8 /* UIImage+ZRResize.m in Sources */ = {isa = PBXBuildFile; fileRef = 191B03AC1BB6E02E00C8B3F8 /* UIImage+ZRResize.m */; };
		191B03B41BB6E3B500C8B3F8 /* SVProgressHUD.bundle in Resources */ = {isa = PBXBuildFile; fileRef = 191B03B11BB6E3B500C8B3F8 /* SVProgressHUD.bundle */; };
		191B03B51BB6E3B500C8B3F8 /* SVProgressHUD.m in Sources */ = {isa = PBXBuildFile; fileRef = 191B03B31BB6E3B500C8B3F8 /* SVProgressHUD.m */; };
		19335B051BC3B25100E48ED4 /* Item.m in Sources */ = {isa = PBXBuildFile; fileRef = 19335B041BC3B25100E48ED4 /* Item.m */; };
		19335B0A1BC3B3B600E48ED4 /* LFAVSubclassRegister.m in Sources */ = {isa = PBXBuildFile; fileRef = 19335B091BC3B3B600E48ED4 /* LFAVSubclassRegister.m */; };
		19335B0D1BC3B49900E48ED4 /* LFUser.m in Sources */ = {isa = PBXBuildFile; fileRef = 19335B0C1BC3B49900E48ED4 /* LFUser.m */; };
		19335B121BC3CAA400E48ED4 /* ZRUtils.m in Sources */ = {isa = PBXBuildFile; fileRef = 19335B111BC3CAA400E48ED4 /* ZRUtils.m */; };
		19335B161BC3CAE400E48ED4 /* ZRRegularExpressionValidateUtilsImp.m in Sources */ = {isa = PBXBuildFile; fileRef = 19335B151BC3CAE400E48ED4 /* ZRRegularExpressionValidateUtilsImp.m */; };
		19335B1B1BC3ECCE00E48ED4 /* LFCacheService.m in Sources */ = {isa = PBXBuildFile; fileRef = 19335B1A1BC3ECCE00E48ED4 /* LFCacheService.m */; };
		19335B201BC3ECED00E48ED4 /* LFFileService.m in Sources */ = {isa = PBXBuildFile; fileRef = 19335B1F1BC3ECED00E48ED4 /* LFFileService.m */; };
		19335B241BC415AF00E48ED4 /* LFMyItemViewController.m in Sources */ = {isa = PBXBuildFile; fileRef = 19335B231BC415AF00E48ED4 /* LFMyItemViewController.m */; };
		19335B2B1BC4261300E48ED4 /* LFActivityIndicatorLabel.m in Sources */ = {isa = PBXBuildFile; fileRef = 19335B2A1BC4261300E48ED4 /* LFActivityIndicatorLabel.m */; };
		19335B301BC4E97800E48ED4 /* LFItemTableViewCell.m in Sources */ = {isa = PBXBuildFile; fileRef = 19335B2F1BC4E97800E48ED4 /* LFItemTableViewCell.m */; };
		19335B331BC4F3DC00E48ED4 /* LFMailBoxCommentTableViewCell.m in Sources */ = {isa = PBXBuildFile; fileRef = 19335B321BC4F3DC00E48ED4 /* LFMailBoxCommentTableViewCell.m */; };
		19367BAA1BBED9090009D628 /* Main.storyboard in Resources */ = {isa = PBXBuildFile; fileRef = 19367BA91BBED9090009D628 /* Main.storyboard */; };
		19367BB01BBEDB7B0009D628 /* JVLeftDrawerTableViewController.m in Sources */ = {isa = PBXBuildFile; fileRef = 19367BAF1BBEDB7B0009D628 /* JVLeftDrawerTableViewController.m */; };
		19367BB31BBEDBF80009D628 /* JVRightDrawerTableViewController.m in Sources */ = {isa = PBXBuildFile; fileRef = 19367BB21BBEDBF80009D628 /* JVRightDrawerTableViewController.m */; };
		19367BB71BBEEC900009D628 /* LFLostAndFoundViewController.m in Sources */ = {isa = PBXBuildFile; fileRef = 19367BB61BBEEC900009D628 /* LFLostAndFoundViewController.m */; };
		195102811BC25DAB00AB12A4 /* UserInfoItemTableViewCell.m in Sources */ = {isa = PBXBuildFile; fileRef = 195102801BC25DAB00AB12A4 /* UserInfoItemTableViewCell.m */; };
		1977C0F11BBEF6E100F15DC7 /* JVLeftDrawerCell.m in Sources */ = {isa = PBXBuildFile; fileRef = 1977C0F01BBEF6E100F15DC7 /* JVLeftDrawerCell.m */; };
		1977C0F51BBFBE2500F15DC7 /* JVRightDrawerCell.m in Sources */ = {isa = PBXBuildFile; fileRef = 1977C0F41BBFBE2500F15DC7 /* JVRightDrawerCell.m */; };
		1977C0F81BBFCA5E00F15DC7 /* LFMailBoxTableViewController.m in Sources */ = {isa = PBXBuildFile; fileRef = 1977C0F71BBFCA5E00F15DC7 /* LFMailBoxTableViewController.m */; };
		1977C0FC1BBFD15A00F15DC7 /* LFMailBoxTableViewCell.m in Sources */ = {isa = PBXBuildFile; fileRef = 1977C0FB1BBFD15A00F15DC7 /* LFMailBoxTableViewCell.m */; };
		19C92FAE1BC12DEA00316F0F /* NewItemTableViewController.m in Sources */ = {isa = PBXBuildFile; fileRef = 19C92FAD1BC12DEA00316F0F /* NewItemTableViewController.m */; };
		19C92FB21BC13DF500316F0F /* UserInformationViewController.m in Sources */ = {isa = PBXBuildFile; fileRef = 19C92FB11BC13DF500316F0F /* UserInformationViewController.m */; };
		A82860D5EC19A4D2949CB1BC /* libPods-L-FMS-iOS.a in Frameworks */ = {isa = PBXBuildFile; fileRef = DBF05683FDC51E37FC374549 /* libPods-L-FMS-iOS.a */; };
/* End PBXBuildFile section */

/* Begin PBXContainerItemProxy section */
		1909E4C31BB043FF00662CD3 /* PBXContainerItemProxy */ = {
			isa = PBXContainerItemProxy;
			containerPortal = 1909E49E1BB043FF00662CD3 /* Project object */;
			proxyType = 1;
			remoteGlobalIDString = 1909E4A51BB043FF00662CD3;
			remoteInfo = "L-FMS-iOS";
		};
/* End PBXContainerItemProxy section */

/* Begin PBXFileReference section */
		01503B5D97C9604D74D64431 /* Pods-L-FMS-iOS.release.xcconfig */ = {isa = PBXFileReference; includeInIndex = 1; lastKnownFileType = text.xcconfig; name = "Pods-L-FMS-iOS.release.xcconfig"; path = "Pods/Target Support Files/Pods-L-FMS-iOS/Pods-L-FMS-iOS.release.xcconfig"; sourceTree = "<group>"; };
		1909E4A61BB043FF00662CD3 /* L-FMS-iOS.app */ = {isa = PBXFileReference; explicitFileType = wrapper.application; includeInIndex = 0; path = "L-FMS-iOS.app"; sourceTree = BUILT_PRODUCTS_DIR; };
		1909E4AA1BB043FF00662CD3 /* Info.plist */ = {isa = PBXFileReference; lastKnownFileType = text.plist.xml; path = Info.plist; sourceTree = "<group>"; };
		1909E4AB1BB043FF00662CD3 /* main.m */ = {isa = PBXFileReference; lastKnownFileType = sourcecode.c.objc; path = main.m; sourceTree = "<group>"; };
		1909E4AD1BB043FF00662CD3 /* AppDelegate.h */ = {isa = PBXFileReference; lastKnownFileType = sourcecode.c.h; path = AppDelegate.h; sourceTree = "<group>"; };
		1909E4AE1BB043FF00662CD3 /* AppDelegate.m */ = {isa = PBXFileReference; lastKnownFileType = sourcecode.c.objc; path = AppDelegate.m; sourceTree = "<group>"; };
		1909E4B11BB043FF00662CD3 /* L_FMS_iOS.xcdatamodel */ = {isa = PBXFileReference; lastKnownFileType = wrapper.xcdatamodel; path = L_FMS_iOS.xcdatamodel; sourceTree = "<group>"; };
		1909E4B31BB043FF00662CD3 /* ViewController.h */ = {isa = PBXFileReference; lastKnownFileType = sourcecode.c.h; path = ViewController.h; sourceTree = "<group>"; };
		1909E4B41BB043FF00662CD3 /* ViewController.m */ = {isa = PBXFileReference; lastKnownFileType = sourcecode.c.objc; path = ViewController.m; sourceTree = "<group>"; };
		1909E4B71BB043FF00662CD3 /* Base */ = {isa = PBXFileReference; lastKnownFileType = file.storyboard; name = Base; path = Base.lproj/Test.storyboard; sourceTree = "<group>"; };
		1909E4B91BB043FF00662CD3 /* Images.xcassets */ = {isa = PBXFileReference; lastKnownFileType = folder.assetcatalog; path = Images.xcassets; sourceTree = "<group>"; };
		1909E4BC1BB043FF00662CD3 /* Base */ = {isa = PBXFileReference; lastKnownFileType = file.xib; name = Base; path = Base.lproj/LaunchScreen.xib; sourceTree = "<group>"; };
		1909E4C21BB043FF00662CD3 /* L-FMS-iOSTests.xctest */ = {isa = PBXFileReference; explicitFileType = wrapper.cfbundle; includeInIndex = 0; path = "L-FMS-iOSTests.xctest"; sourceTree = BUILT_PRODUCTS_DIR; };
		1909E4C71BB043FF00662CD3 /* Info.plist */ = {isa = PBXFileReference; lastKnownFileType = text.plist.xml; path = Info.plist; sourceTree = "<group>"; };
		1909E4C81BB043FF00662CD3 /* L_FMS_iOSTests.m */ = {isa = PBXFileReference; lastKnownFileType = sourcecode.c.objc; path = L_FMS_iOSTests.m; sourceTree = "<group>"; };
		191B03971BB6CBC300C8B3F8 /* Registe&Login.storyboard */ = {isa = PBXFileReference; fileEncoding = 4; lastKnownFileType = file.storyboard; path = "Registe&Login.storyboard"; sourceTree = "<group>"; };
		191B039B1BB6CBFE00C8B3F8 /* LFLoginViewController.h */ = {isa = PBXFileReference; fileEncoding = 4; lastKnownFileType = sourcecode.c.h; path = LFLoginViewController.h; sourceTree = "<group>"; };
		191B039C1BB6CBFE00C8B3F8 /* LFLoginViewController.m */ = {isa = PBXFileReference; fileEncoding = 4; lastKnownFileType = sourcecode.c.objc; path = LFLoginViewController.m; sourceTree = "<group>"; };
		191B039E1BB6CC5A00C8B3F8 /* LFRegisteViewController.h */ = {isa = PBXFileReference; fileEncoding = 4; lastKnownFileType = sourcecode.c.h; path = LFRegisteViewController.h; sourceTree = "<group>"; };
		191B039F1BB6CC5A00C8B3F8 /* LFRegisteViewController.m */ = {isa = PBXFileReference; fileEncoding = 4; lastKnownFileType = sourcecode.c.objc; path = LFRegisteViewController.m; sourceTree = "<group>"; };
		191B03A21BB6DDFD00C8B3F8 /* LFLogger.h */ = {isa = PBXFileReference; lastKnownFileType = sourcecode.c.h; path = LFLogger.h; sourceTree = "<group>"; };
		191B03A31BB6DE2D00C8B3F8 /* LFCommonDefine.h */ = {isa = PBXFileReference; lastKnownFileType = sourcecode.c.h; path = LFCommonDefine.h; sourceTree = "<group>"; };
		191B03A41BB6DE5E00C8B3F8 /* LFCommon.h */ = {isa = PBXFileReference; lastKnownFileType = sourcecode.c.h; path = LFCommon.h; sourceTree = "<group>"; };
		191B03A71BB6DEAA00C8B3F8 /* LFUtils.h */ = {isa = PBXFileReference; fileEncoding = 4; lastKnownFileType = sourcecode.c.h; path = LFUtils.h; sourceTree = "<group>"; };
		191B03A81BB6DEAA00C8B3F8 /* LFUtils.m */ = {isa = PBXFileReference; fileEncoding = 4; lastKnownFileType = sourcecode.c.objc; path = LFUtils.m; sourceTree = "<group>"; };
		191B03AB1BB6E02E00C8B3F8 /* UIImage+ZRResize.h */ = {isa = PBXFileReference; fileEncoding = 4; lastKnownFileType = sourcecode.c.h; path = "UIImage+ZRResize.h"; sourceTree = "<group>"; };
		191B03AC1BB6E02E00C8B3F8 /* UIImage+ZRResize.m */ = {isa = PBXFileReference; fileEncoding = 4; lastKnownFileType = sourcecode.c.objc; path = "UIImage+ZRResize.m"; sourceTree = "<group>"; };
		191B03B01BB6E3B500C8B3F8 /* SVProgressHUD-Prefix.pch */ = {isa = PBXFileReference; fileEncoding = 4; lastKnownFileType = sourcecode.c.h; path = "SVProgressHUD-Prefix.pch"; sourceTree = "<group>"; };
		191B03B11BB6E3B500C8B3F8 /* SVProgressHUD.bundle */ = {isa = PBXFileReference; lastKnownFileType = "wrapper.plug-in"; path = SVProgressHUD.bundle; sourceTree = "<group>"; };
		191B03B21BB6E3B500C8B3F8 /* SVProgressHUD.h */ = {isa = PBXFileReference; fileEncoding = 4; lastKnownFileType = sourcecode.c.h; path = SVProgressHUD.h; sourceTree = "<group>"; };
		191B03B31BB6E3B500C8B3F8 /* SVProgressHUD.m */ = {isa = PBXFileReference; fileEncoding = 4; lastKnownFileType = sourcecode.c.objc; path = SVProgressHUD.m; sourceTree = "<group>"; };
		191B03BC1BB6ECB200C8B3F8 /* LFViewControllerSBIDs.h */ = {isa = PBXFileReference; lastKnownFileType = sourcecode.c.h; path = LFViewControllerSBIDs.h; sourceTree = "<group>"; };
		19335B031BC3B25100E48ED4 /* Item.h */ = {isa = PBXFileReference; fileEncoding = 4; lastKnownFileType = sourcecode.c.h; path = Item.h; sourceTree = "<group>"; };
		19335B041BC3B25100E48ED4 /* Item.m */ = {isa = PBXFileReference; fileEncoding = 4; lastKnownFileType = sourcecode.c.objc; path = Item.m; sourceTree = "<group>"; };
		19335B061BC3B33300E48ED4 /* LFAVOSCloudModels.h */ = {isa = PBXFileReference; lastKnownFileType = sourcecode.c.h; path = LFAVOSCloudModels.h; sourceTree = "<group>"; };
		19335B081BC3B3B600E48ED4 /* LFAVSubclassRegister.h */ = {isa = PBXFileReference; fileEncoding = 4; lastKnownFileType = sourcecode.c.h; path = LFAVSubclassRegister.h; sourceTree = "<group>"; };
		19335B091BC3B3B600E48ED4 /* LFAVSubclassRegister.m */ = {isa = PBXFileReference; fileEncoding = 4; lastKnownFileType = sourcecode.c.objc; path = LFAVSubclassRegister.m; sourceTree = "<group>"; };
		19335B0B1BC3B49900E48ED4 /* LFUser.h */ = {isa = PBXFileReference; fileEncoding = 4; lastKnownFileType = sourcecode.c.h; path = LFUser.h; sourceTree = "<group>"; };
		19335B0C1BC3B49900E48ED4 /* LFUser.m */ = {isa = PBXFileReference; fileEncoding = 4; lastKnownFileType = sourcecode.c.objc; path = LFUser.m; sourceTree = "<group>"; };
		19335B101BC3CAA400E48ED4 /* ZRUtils.h */ = {isa = PBXFileReference; fileEncoding = 4; lastKnownFileType = sourcecode.c.h; path = ZRUtils.h; sourceTree = "<group>"; };
		19335B111BC3CAA400E48ED4 /* ZRUtils.m */ = {isa = PBXFileReference; fileEncoding = 4; lastKnownFileType = sourcecode.c.objc; path = ZRUtils.m; sourceTree = "<group>"; };
		19335B141BC3CAE400E48ED4 /* ZRRegularExpressionValidateUtilsImp.h */ = {isa = PBXFileReference; fileEncoding = 4; lastKnownFileType = sourcecode.c.h; path = ZRRegularExpressionValidateUtilsImp.h; sourceTree = "<group>"; };
		19335B151BC3CAE400E48ED4 /* ZRRegularExpressionValidateUtilsImp.m */ = {isa = PBXFileReference; fileEncoding = 4; lastKnownFileType = sourcecode.c.objc; path = ZRRegularExpressionValidateUtilsImp.m; sourceTree = "<group>"; };
		19335B171BC3D0DF00E48ED4 /* ZRRegularExpressionValidateUtils.h */ = {isa = PBXFileReference; lastKnownFileType = sourcecode.c.h; path = ZRRegularExpressionValidateUtils.h; sourceTree = "<group>"; };
		19335B191BC3ECCE00E48ED4 /* LFCacheService.h */ = {isa = PBXFileReference; fileEncoding = 4; lastKnownFileType = sourcecode.c.h; path = LFCacheService.h; sourceTree = "<group>"; };
		19335B1A1BC3ECCE00E48ED4 /* LFCacheService.m */ = {isa = PBXFileReference; fileEncoding = 4; lastKnownFileType = sourcecode.c.objc; path = LFCacheService.m; sourceTree = "<group>"; };
		19335B1E1BC3ECED00E48ED4 /* LFFileService.h */ = {isa = PBXFileReference; fileEncoding = 4; lastKnownFileType = sourcecode.c.h; path = LFFileService.h; sourceTree = "<group>"; };
		19335B1F1BC3ECED00E48ED4 /* LFFileService.m */ = {isa = PBXFileReference; fileEncoding = 4; lastKnownFileType = sourcecode.c.objc; path = LFFileService.m; sourceTree = "<group>"; };
		19335B221BC415AF00E48ED4 /* LFMyItemViewController.h */ = {isa = PBXFileReference; fileEncoding = 4; lastKnownFileType = sourcecode.c.h; path = LFMyItemViewController.h; sourceTree = "<group>"; };
		19335B231BC415AF00E48ED4 /* LFMyItemViewController.m */ = {isa = PBXFileReference; fileEncoding = 4; lastKnownFileType = sourcecode.c.objc; path = LFMyItemViewController.m; sourceTree = "<group>"; };
		19335B291BC4261300E48ED4 /* LFActivityIndicatorLabel.h */ = {isa = PBXFileReference; fileEncoding = 4; lastKnownFileType = sourcecode.c.h; path = LFActivityIndicatorLabel.h; sourceTree = "<group>"; };
		19335B2A1BC4261300E48ED4 /* LFActivityIndicatorLabel.m */ = {isa = PBXFileReference; fileEncoding = 4; lastKnownFileType = sourcecode.c.objc; path = LFActivityIndicatorLabel.m; sourceTree = "<group>"; };
		19335B2E1BC4E97800E48ED4 /* LFItemTableViewCell.h */ = {isa = PBXFileReference; fileEncoding = 4; lastKnownFileType = sourcecode.c.h; path = LFItemTableViewCell.h; sourceTree = "<group>"; };
		19335B2F1BC4E97800E48ED4 /* LFItemTableViewCell.m */ = {isa = PBXFileReference; fileEncoding = 4; lastKnownFileType = sourcecode.c.objc; path = LFItemTableViewCell.m; sourceTree = "<group>"; };
		19335B311BC4F3DC00E48ED4 /* LFMailBoxCommentTableViewCell.h */ = {isa = PBXFileReference; fileEncoding = 4; lastKnownFileType = sourcecode.c.h; path = LFMailBoxCommentTableViewCell.h; sourceTree = "<group>"; };
		19335B321BC4F3DC00E48ED4 /* LFMailBoxCommentTableViewCell.m */ = {isa = PBXFileReference; fileEncoding = 4; lastKnownFileType = sourcecode.c.objc; path = LFMailBoxCommentTableViewCell.m; sourceTree = "<group>"; };
		19367BA91BBED9090009D628 /* Main.storyboard */ = {isa = PBXFileReference; fileEncoding = 4; lastKnownFileType = file.storyboard; path = Main.storyboard; sourceTree = "<group>"; };
		19367BAE1BBEDB7B0009D628 /* JVLeftDrawerTableViewController.h */ = {isa = PBXFileReference; fileEncoding = 4; lastKnownFileType = sourcecode.c.h; path = JVLeftDrawerTableViewController.h; sourceTree = "<group>"; };
		19367BAF1BBEDB7B0009D628 /* JVLeftDrawerTableViewController.m */ = {isa = PBXFileReference; fileEncoding = 4; lastKnownFileType = sourcecode.c.objc; path = JVLeftDrawerTableViewController.m; sourceTree = "<group>"; };
		19367BB11BBEDBF80009D628 /* JVRightDrawerTableViewController.h */ = {isa = PBXFileReference; fileEncoding = 4; lastKnownFileType = sourcecode.c.h; path = JVRightDrawerTableViewController.h; sourceTree = "<group>"; };
		19367BB21BBEDBF80009D628 /* JVRightDrawerTableViewController.m */ = {isa = PBXFileReference; fileEncoding = 4; lastKnownFileType = sourcecode.c.objc; path = JVRightDrawerTableViewController.m; sourceTree = "<group>"; };
		19367BB51BBEEC900009D628 /* LFLostAndFoundViewController.h */ = {isa = PBXFileReference; fileEncoding = 4; lastKnownFileType = sourcecode.c.h; path = LFLostAndFoundViewController.h; sourceTree = "<group>"; };
		19367BB61BBEEC900009D628 /* LFLostAndFoundViewController.m */ = {isa = PBXFileReference; fileEncoding = 4; lastKnownFileType = sourcecode.c.objc; path = LFLostAndFoundViewController.m; sourceTree = "<group>"; };
		1951027F1BC25DAB00AB12A4 /* UserInfoItemTableViewCell.h */ = {isa = PBXFileReference; fileEncoding = 4; lastKnownFileType = sourcecode.c.h; path = UserInfoItemTableViewCell.h; sourceTree = "<group>"; };
		195102801BC25DAB00AB12A4 /* UserInfoItemTableViewCell.m */ = {isa = PBXFileReference; fileEncoding = 4; lastKnownFileType = sourcecode.c.objc; path = UserInfoItemTableViewCell.m; sourceTree = "<group>"; };
		1977C0EF1BBEF6E100F15DC7 /* JVLeftDrawerCell.h */ = {isa = PBXFileReference; fileEncoding = 4; lastKnownFileType = sourcecode.c.h; path = JVLeftDrawerCell.h; sourceTree = "<group>"; };
		1977C0F01BBEF6E100F15DC7 /* JVLeftDrawerCell.m */ = {isa = PBXFileReference; fileEncoding = 4; lastKnownFileType = sourcecode.c.objc; path = JVLeftDrawerCell.m; sourceTree = "<group>"; };
		1977C0F31BBFBE2500F15DC7 /* JVRightDrawerCell.h */ = {isa = PBXFileReference; fileEncoding = 4; lastKnownFileType = sourcecode.c.h; path = JVRightDrawerCell.h; sourceTree = "<group>"; };
		1977C0F41BBFBE2500F15DC7 /* JVRightDrawerCell.m */ = {isa = PBXFileReference; fileEncoding = 4; lastKnownFileType = sourcecode.c.objc; path = JVRightDrawerCell.m; sourceTree = "<group>"; };
		1977C0F61BBFCA5E00F15DC7 /* LFMailBoxTableViewController.h */ = {isa = PBXFileReference; fileEncoding = 4; lastKnownFileType = sourcecode.c.h; path = LFMailBoxTableViewController.h; sourceTree = "<group>"; };
		1977C0F71BBFCA5E00F15DC7 /* LFMailBoxTableViewController.m */ = {isa = PBXFileReference; fileEncoding = 4; lastKnownFileType = sourcecode.c.objc; path = LFMailBoxTableViewController.m; sourceTree = "<group>"; };
		1977C0FA1BBFD15A00F15DC7 /* LFMailBoxTableViewCell.h */ = {isa = PBXFileReference; fileEncoding = 4; lastKnownFileType = sourcecode.c.h; path = LFMailBoxTableViewCell.h; sourceTree = "<group>"; };
		1977C0FB1BBFD15A00F15DC7 /* LFMailBoxTableViewCell.m */ = {isa = PBXFileReference; fileEncoding = 4; lastKnownFileType = sourcecode.c.objc; path = LFMailBoxTableViewCell.m; sourceTree = "<group>"; };
		19C92FAC1BC12DEA00316F0F /* NewItemTableViewController.h */ = {isa = PBXFileReference; fileEncoding = 4; lastKnownFileType = sourcecode.c.h; path = NewItemTableViewController.h; sourceTree = "<group>"; };
		19C92FAD1BC12DEA00316F0F /* NewItemTableViewController.m */ = {isa = PBXFileReference; fileEncoding = 4; lastKnownFileType = sourcecode.c.objc; path = NewItemTableViewController.m; sourceTree = "<group>"; };
		19C92FB01BC13DF500316F0F /* UserInformationViewController.h */ = {isa = PBXFileReference; fileEncoding = 4; lastKnownFileType = sourcecode.c.h; path = UserInformationViewController.h; sourceTree = "<group>"; };
		19C92FB11BC13DF500316F0F /* UserInformationViewController.m */ = {isa = PBXFileReference; fileEncoding = 4; lastKnownFileType = sourcecode.c.objc; path = UserInformationViewController.m; sourceTree = "<group>"; };
		573EFAED99B710C8CB67FDE1 /* Pods-L-FMS-iOS.debug.xcconfig */ = {isa = PBXFileReference; includeInIndex = 1; lastKnownFileType = text.xcconfig; name = "Pods-L-FMS-iOS.debug.xcconfig"; path = "Pods/Target Support Files/Pods-L-FMS-iOS/Pods-L-FMS-iOS.debug.xcconfig"; sourceTree = "<group>"; };
		DBF05683FDC51E37FC374549 /* libPods-L-FMS-iOS.a */ = {isa = PBXFileReference; explicitFileType = archive.ar; includeInIndex = 0; path = "libPods-L-FMS-iOS.a"; sourceTree = BUILT_PRODUCTS_DIR; };
/* End PBXFileReference section */

/* Begin PBXFrameworksBuildPhase section */
		1909E4A31BB043FF00662CD3 /* Frameworks */ = {
			isa = PBXFrameworksBuildPhase;
			buildActionMask = 2147483647;
			files = (
				A82860D5EC19A4D2949CB1BC /* libPods-L-FMS-iOS.a in Frameworks */,
			);
			runOnlyForDeploymentPostprocessing = 0;
		};
		1909E4BF1BB043FF00662CD3 /* Frameworks */ = {
			isa = PBXFrameworksBuildPhase;
			buildActionMask = 2147483647;
			files = (
			);
			runOnlyForDeploymentPostprocessing = 0;
		};
/* End PBXFrameworksBuildPhase section */

/* Begin PBXGroup section */
		1909E49D1BB043FE00662CD3 = {
			isa = PBXGroup;
			children = (
				1909E4A81BB043FF00662CD3 /* L-FMS-iOS */,
				1909E4C51BB043FF00662CD3 /* L-FMS-iOSTests */,
				1909E4A71BB043FF00662CD3 /* Products */,
				25BB05FB5F469E0EAF29410D /* Pods */,
				DDF97E83D11054A49B6F5D16 /* Frameworks */,
			);
			sourceTree = "<group>";
		};
		1909E4A71BB043FF00662CD3 /* Products */ = {
			isa = PBXGroup;
			children = (
				1909E4A61BB043FF00662CD3 /* L-FMS-iOS.app */,
				1909E4C21BB043FF00662CD3 /* L-FMS-iOSTests.xctest */,
			);
			name = Products;
			sourceTree = "<group>";
		};
		1909E4A81BB043FF00662CD3 /* L-FMS-iOS */ = {
			isa = PBXGroup;
			children = (
				191B03BA1BB6EC8500C8B3F8 /* App */,
				191B03B61BB6E97200C8B3F8 /* 模块 */,
				191B03AE1BB6E3A800C8B3F8 /* ThirdPartByHand */,
				191B03A11BB6DDBC00C8B3F8 /* Settings */,
				1909E4A91BB043FF00662CD3 /* Supporting Files */,
			);
			path = "L-FMS-iOS";
			sourceTree = "<group>";
		};
		1909E4A91BB043FF00662CD3 /* Supporting Files */ = {
			isa = PBXGroup;
			children = (
				1909E4AA1BB043FF00662CD3 /* Info.plist */,
				1909E4AB1BB043FF00662CD3 /* main.m */,
			);
			name = "Supporting Files";
			sourceTree = "<group>";
		};
		1909E4C51BB043FF00662CD3 /* L-FMS-iOSTests */ = {
			isa = PBXGroup;
			children = (
				1909E4C81BB043FF00662CD3 /* L_FMS_iOSTests.m */,
				1909E4C61BB043FF00662CD3 /* Supporting Files */,
			);
			path = "L-FMS-iOSTests";
			sourceTree = "<group>";
		};
		1909E4C61BB043FF00662CD3 /* Supporting Files */ = {
			isa = PBXGroup;
			children = (
				1909E4C71BB043FF00662CD3 /* Info.plist */,
			);
			name = "Supporting Files";
			sourceTree = "<group>";
		};
		191B03961BB6CBA500C8B3F8 /* 登录注册 */ = {
			isa = PBXGroup;
			children = (
				191B03971BB6CBC300C8B3F8 /* Registe&Login.storyboard */,
				191B039A1BB6CBD900C8B3F8 /* ViewController */,
			);
			name = "登录注册";
			sourceTree = "<group>";
		};
		191B039A1BB6CBD900C8B3F8 /* ViewController */ = {
			isa = PBXGroup;
			children = (
				191B039B1BB6CBFE00C8B3F8 /* LFLoginViewController.h */,
				191B039C1BB6CBFE00C8B3F8 /* LFLoginViewController.m */,
				191B039E1BB6CC5A00C8B3F8 /* LFRegisteViewController.h */,
				191B039F1BB6CC5A00C8B3F8 /* LFRegisteViewController.m */,
			);
			name = ViewController;
			sourceTree = "<group>";
		};
		191B03A11BB6DDBC00C8B3F8 /* Settings */ = {
			isa = PBXGroup;
			children = (
				191B03A21BB6DDFD00C8B3F8 /* LFLogger.h */,
				191B03A31BB6DE2D00C8B3F8 /* LFCommonDefine.h */,
				191B03A41BB6DE5E00C8B3F8 /* LFCommon.h */,
			);
			name = Settings;
			sourceTree = "<group>";
		};
		191B03AA1BB6E01100C8B3F8 /* UIImage */ = {
			isa = PBXGroup;
			children = (
				191B03AB1BB6E02E00C8B3F8 /* UIImage+ZRResize.h */,
				191B03AC1BB6E02E00C8B3F8 /* UIImage+ZRResize.m */,
			);
			name = UIImage;
			sourceTree = "<group>";
		};
		191B03AE1BB6E3A800C8B3F8 /* ThirdPartByHand */ = {
			isa = PBXGroup;
			children = (
				191B03AF1BB6E3B500C8B3F8 /* svprogress */,
			);
			name = ThirdPartByHand;
			sourceTree = "<group>";
		};
		191B03AF1BB6E3B500C8B3F8 /* svprogress */ = {
			isa = PBXGroup;
			children = (
				191B03B01BB6E3B500C8B3F8 /* SVProgressHUD-Prefix.pch */,
				191B03B11BB6E3B500C8B3F8 /* SVProgressHUD.bundle */,
				191B03B21BB6E3B500C8B3F8 /* SVProgressHUD.h */,
				191B03B31BB6E3B500C8B3F8 /* SVProgressHUD.m */,
			);
			path = svprogress;
			sourceTree = "<group>";
		};
		191B03B61BB6E97200C8B3F8 /* 模块 */ = {
			isa = PBXGroup;
			children = (
				191B03B91BB6EC7800C8B3F8 /* Test */,
				191B03B71BB6E97D00C8B3F8 /* 主界面 */,
				191B03961BB6CBA500C8B3F8 /* 登录注册 */,
			);
			name = "模块";
			sourceTree = "<group>";
		};
		191B03B71BB6E97D00C8B3F8 /* 主界面 */ = {
			isa = PBXGroup;
			children = (
				19367BA91BBED9090009D628 /* Main.storyboard */,
				19367BAC1BBEDB3F0009D628 /* 左侧栏 */,
				19367BAD1BBEDB490009D628 /* 右侧栏 */,
				19367BB41BBEEBE10009D628 /* 失物&&地图 */,
				19367BB81BBEEF650009D628 /* 私信 */,
				19335B211BC4159500E48ED4 /* 我的 */,
			);
			name = "主界面";
			sourceTree = "<group>";
		};
		191B03B91BB6EC7800C8B3F8 /* Test */ = {
			isa = PBXGroup;
			children = (
				1909E4B31BB043FF00662CD3 /* ViewController.h */,
				1909E4B41BB043FF00662CD3 /* ViewController.m */,
				1909E4B61BB043FF00662CD3 /* Test.storyboard */,
			);
			name = Test;
			sourceTree = "<group>";
		};
		191B03BA1BB6EC8500C8B3F8 /* App */ = {
			isa = PBXGroup;
			children = (
				19335B0E1BC3CA8400E48ED4 /* Service&Utils */,
				19C92FA91BC114A800316F0F /* Model */,
				191B03BB1BB6EC9900C8B3F8 /* Marco */,
				1909E4B91BB043FF00662CD3 /* Images.xcassets */,
				1909E4B01BB043FF00662CD3 /* L_FMS_iOS.xcdatamodeld */,
				1909E4BB1BB043FF00662CD3 /* LaunchScreen.xib */,
				1909E4AD1BB043FF00662CD3 /* AppDelegate.h */,
				1909E4AE1BB043FF00662CD3 /* AppDelegate.m */,
			);
			name = App;
			sourceTree = "<group>";
		};
		191B03BB1BB6EC9900C8B3F8 /* Marco */ = {
			isa = PBXGroup;
			children = (
				191B03BC1BB6ECB200C8B3F8 /* LFViewControllerSBIDs.h */,
			);
			name = Marco;
			sourceTree = "<group>";
		};
		19335B071BC3B39500E48ED4 /* Header */ = {
			isa = PBXGroup;
			children = (
				19335B061BC3B33300E48ED4 /* LFAVOSCloudModels.h */,
				19335B081BC3B3B600E48ED4 /* LFAVSubclassRegister.h */,
				19335B091BC3B3B600E48ED4 /* LFAVSubclassRegister.m */,
			);
			name = Header;
			sourceTree = "<group>";
		};
		19335B0E1BC3CA8400E48ED4 /* Service&Utils */ = {
			isa = PBXGroup;
			children = (
				19335B181BC3ECBD00E48ED4 /* Service */,
				19335B0F1BC3CA9300E48ED4 /* Utils */,
			);
			name = "Service&Utils";
			sourceTree = "<group>";
		};
		19335B0F1BC3CA9300E48ED4 /* Utils */ = {
			isa = PBXGroup;
			children = (
				191B03AA1BB6E01100C8B3F8 /* UIImage */,
				191B03A71BB6DEAA00C8B3F8 /* LFUtils.h */,
				191B03A81BB6DEAA00C8B3F8 /* LFUtils.m */,
				19335B131BC3CAAC00E48ED4 /* 正则表达式 */,
				19335B101BC3CAA400E48ED4 /* ZRUtils.h */,
				19335B111BC3CAA400E48ED4 /* ZRUtils.m */,
			);
			name = Utils;
			sourceTree = "<group>";
		};
		19335B131BC3CAAC00E48ED4 /* 正则表达式 */ = {
			isa = PBXGroup;
			children = (
				19335B141BC3CAE400E48ED4 /* ZRRegularExpressionValidateUtilsImp.h */,
				19335B151BC3CAE400E48ED4 /* ZRRegularExpressionValidateUtilsImp.m */,
				19335B171BC3D0DF00E48ED4 /* ZRRegularExpressionValidateUtils.h */,
			);
			name = "正则表达式";
			sourceTree = "<group>";
		};
		19335B181BC3ECBD00E48ED4 /* Service */ = {
			isa = PBXGroup;
			children = (
				19335B1D1BC3ECD800E48ED4 /* 文件 */,
				19335B1C1BC3ECD300E48ED4 /* 缓存 */,
			);
			name = Service;
			sourceTree = "<group>";
		};
		19335B1C1BC3ECD300E48ED4 /* 缓存 */ = {
			isa = PBXGroup;
			children = (
				19335B191BC3ECCE00E48ED4 /* LFCacheService.h */,
				19335B1A1BC3ECCE00E48ED4 /* LFCacheService.m */,
			);
			name = "缓存";
			sourceTree = "<group>";
		};
		19335B1D1BC3ECD800E48ED4 /* 文件 */ = {
			isa = PBXGroup;
			children = (
				19335B1E1BC3ECED00E48ED4 /* LFFileService.h */,
				19335B1F1BC3ECED00E48ED4 /* LFFileService.m */,
			);
			name = "文件";
			sourceTree = "<group>";
		};
		19335B211BC4159500E48ED4 /* 我的 */ = {
			isa = PBXGroup;
			children = (
				19335B2D1BC4E91800E48ED4 /* Cell */,
				19335B251BC41F6200E48ED4 /* View */,
				19335B221BC415AF00E48ED4 /* LFMyItemViewController.h */,
				19335B231BC415AF00E48ED4 /* LFMyItemViewController.m */,
			);
			name = "我的";
			sourceTree = "<group>";
		};
		19335B251BC41F6200E48ED4 /* View */ = {
			isa = PBXGroup;
			children = (
				19335B291BC4261300E48ED4 /* LFActivityIndicatorLabel.h */,
				19335B2A1BC4261300E48ED4 /* LFActivityIndicatorLabel.m */,
			);
			name = View;
			sourceTree = "<group>";
		};
		19335B2D1BC4E91800E48ED4 /* Cell */ = {
			isa = PBXGroup;
			children = (
				19335B2E1BC4E97800E48ED4 /* LFItemTableViewCell.h */,
				19335B2F1BC4E97800E48ED4 /* LFItemTableViewCell.m */,
			);
			name = Cell;
			sourceTree = "<group>";
		};
		19367BAC1BBEDB3F0009D628 /* 左侧栏 */ = {
			isa = PBXGroup;
			children = (
				19C92FAF1BC13DD500316F0F /* 个人信息 */,
				1977C0EE1BBEF6CC00F15DC7 /* Cell */,
				19367BAE1BBEDB7B0009D628 /* JVLeftDrawerTableViewController.h */,
				19367BAF1BBEDB7B0009D628 /* JVLeftDrawerTableViewController.m */,
			);
			name = "左侧栏";
			sourceTree = "<group>";
		};
		19367BAD1BBEDB490009D628 /* 右侧栏 */ = {
			isa = PBXGroup;
			children = (
				19C92FAB1BC12DB300316F0F /* 发布 */,
				1977C0F21BBFBBDD00F15DC7 /* Cell */,
				19367BB11BBEDBF80009D628 /* JVRightDrawerTableViewController.h */,
				19367BB21BBEDBF80009D628 /* JVRightDrawerTableViewController.m */,
			);
			name = "右侧栏";
			sourceTree = "<group>";
		};
		19367BB41BBEEBE10009D628 /* 失物&&地图 */ = {
			isa = PBXGroup;
			children = (
				19367BB51BBEEC900009D628 /* LFLostAndFoundViewController.h */,
				19367BB61BBEEC900009D628 /* LFLostAndFoundViewController.m */,
			);
			name = "失物&&地图";
			sourceTree = "<group>";
		};
		19367BB81BBEEF650009D628 /* 私信 */ = {
			isa = PBXGroup;
			children = (
				1977C0F91BBFCA6400F15DC7 /* Cell */,
				1977C0F61BBFCA5E00F15DC7 /* LFMailBoxTableViewController.h */,
				1977C0F71BBFCA5E00F15DC7 /* LFMailBoxTableViewController.m */,
			);
			name = "私信";
			sourceTree = "<group>";
		};
		1951027E1BC25D9700AB12A4 /* Cell */ = {
			isa = PBXGroup;
			children = (
				1951027F1BC25DAB00AB12A4 /* UserInfoItemTableViewCell.h */,
				195102801BC25DAB00AB12A4 /* UserInfoItemTableViewCell.m */,
			);
			name = Cell;
			sourceTree = "<group>";
		};
		1977C0EE1BBEF6CC00F15DC7 /* Cell */ = {
			isa = PBXGroup;
			children = (
				1977C0EF1BBEF6E100F15DC7 /* JVLeftDrawerCell.h */,
				1977C0F01BBEF6E100F15DC7 /* JVLeftDrawerCell.m */,
			);
			name = Cell;
			sourceTree = "<group>";
		};
		1977C0F21BBFBBDD00F15DC7 /* Cell */ = {
			isa = PBXGroup;
			children = (
				1977C0F31BBFBE2500F15DC7 /* JVRightDrawerCell.h */,
				1977C0F41BBFBE2500F15DC7 /* JVRightDrawerCell.m */,
			);
			name = Cell;
			sourceTree = "<group>";
		};
		1977C0F91BBFCA6400F15DC7 /* Cell */ = {
			isa = PBXGroup;
			children = (
				1977C0FA1BBFD15A00F15DC7 /* LFMailBoxTableViewCell.h */,
				1977C0FB1BBFD15A00F15DC7 /* LFMailBoxTableViewCell.m */,
				19335B311BC4F3DC00E48ED4 /* LFMailBoxCommentTableViewCell.h */,
				19335B321BC4F3DC00E48ED4 /* LFMailBoxCommentTableViewCell.m */,
			);
			name = Cell;
			sourceTree = "<group>";
		};
		19C92FA91BC114A800316F0F /* Model */ = {
			isa = PBXGroup;
			children = (
				19C92FAA1BC114AE00316F0F /* AVOSCloudModel */,
			);
			name = Model;
			sourceTree = "<group>";
		};
		19C92FAA1BC114AE00316F0F /* AVOSCloudModel */ = {
			isa = PBXGroup;
			children = (
				19335B071BC3B39500E48ED4 /* Header */,
				19335B031BC3B25100E48ED4 /* Item.h */,
				19335B041BC3B25100E48ED4 /* Item.m */,
				19335B0B1BC3B49900E48ED4 /* LFUser.h */,
				19335B0C1BC3B49900E48ED4 /* LFUser.m */,
			);
			name = AVOSCloudModel;
			sourceTree = "<group>";
		};
		19C92FAB1BC12DB300316F0F /* 发布 */ = {
			isa = PBXGroup;
			children = (
				19C92FAC1BC12DEA00316F0F /* NewItemTableViewController.h */,
				19C92FAD1BC12DEA00316F0F /* NewItemTableViewController.m */,
			);
			name = "发布";
			sourceTree = "<group>";
		};
		19C92FAF1BC13DD500316F0F /* 个人信息 */ = {
			isa = PBXGroup;
			children = (
				1951027E1BC25D9700AB12A4 /* Cell */,
				19C92FB01BC13DF500316F0F /* UserInformationViewController.h */,
				19C92FB11BC13DF500316F0F /* UserInformationViewController.m */,
			);
			name = "个人信息";
			sourceTree = "<group>";
		};
		25BB05FB5F469E0EAF29410D /* Pods */ = {
			isa = PBXGroup;
			children = (
				573EFAED99B710C8CB67FDE1 /* Pods-L-FMS-iOS.debug.xcconfig */,
				01503B5D97C9604D74D64431 /* Pods-L-FMS-iOS.release.xcconfig */,
			);
			name = Pods;
			sourceTree = "<group>";
		};
		DDF97E83D11054A49B6F5D16 /* Frameworks */ = {
			isa = PBXGroup;
			children = (
				DBF05683FDC51E37FC374549 /* libPods-L-FMS-iOS.a */,
			);
			name = Frameworks;
			sourceTree = "<group>";
		};
/* End PBXGroup section */

/* Begin PBXNativeTarget section */
		1909E4A51BB043FF00662CD3 /* L-FMS-iOS */ = {
			isa = PBXNativeTarget;
			buildConfigurationList = 1909E4CC1BB043FF00662CD3 /* Build configuration list for PBXNativeTarget "L-FMS-iOS" */;
			buildPhases = (
				3E6332A658993D5BC080D322 /* Check Pods Manifest.lock */,
				1909E4A21BB043FF00662CD3 /* Sources */,
				1909E4A31BB043FF00662CD3 /* Frameworks */,
				1909E4A41BB043FF00662CD3 /* Resources */,
				C6A9AA83E1E8E8471B5332FF /* Copy Pods Resources */,
			);
			buildRules = (
			);
			dependencies = (
			);
			name = "L-FMS-iOS";
			productName = "L-FMS-iOS";
			productReference = 1909E4A61BB043FF00662CD3 /* L-FMS-iOS.app */;
			productType = "com.apple.product-type.application";
		};
		1909E4C11BB043FF00662CD3 /* L-FMS-iOSTests */ = {
			isa = PBXNativeTarget;
			buildConfigurationList = 1909E4CF1BB043FF00662CD3 /* Build configuration list for PBXNativeTarget "L-FMS-iOSTests" */;
			buildPhases = (
				1909E4BE1BB043FF00662CD3 /* Sources */,
				1909E4BF1BB043FF00662CD3 /* Frameworks */,
				1909E4C01BB043FF00662CD3 /* Resources */,
			);
			buildRules = (
			);
			dependencies = (
				1909E4C41BB043FF00662CD3 /* PBXTargetDependency */,
			);
			name = "L-FMS-iOSTests";
			productName = "L-FMS-iOSTests";
			productReference = 1909E4C21BB043FF00662CD3 /* L-FMS-iOSTests.xctest */;
			productType = "com.apple.product-type.bundle.unit-test";
		};
/* End PBXNativeTarget section */

/* Begin PBXProject section */
		1909E49E1BB043FF00662CD3 /* Project object */ = {
			isa = PBXProject;
			attributes = {
				LastUpgradeCheck = 0640;
				ORGANIZATIONNAME = "虎猫儿";
				TargetAttributes = {
					1909E4A51BB043FF00662CD3 = {
						CreatedOnToolsVersion = 6.4;
					};
					1909E4C11BB043FF00662CD3 = {
						CreatedOnToolsVersion = 6.4;
						TestTargetID = 1909E4A51BB043FF00662CD3;
					};
				};
			};
			buildConfigurationList = 1909E4A11BB043FF00662CD3 /* Build configuration list for PBXProject "L-FMS-iOS" */;
			compatibilityVersion = "Xcode 3.2";
			developmentRegion = English;
			hasScannedForEncodings = 0;
			knownRegions = (
				en,
				Base,
			);
			mainGroup = 1909E49D1BB043FE00662CD3;
			productRefGroup = 1909E4A71BB043FF00662CD3 /* Products */;
			projectDirPath = "";
			projectRoot = "";
			targets = (
				1909E4A51BB043FF00662CD3 /* L-FMS-iOS */,
				1909E4C11BB043FF00662CD3 /* L-FMS-iOSTests */,
			);
		};
/* End PBXProject section */

/* Begin PBXResourcesBuildPhase section */
		1909E4A41BB043FF00662CD3 /* Resources */ = {
			isa = PBXResourcesBuildPhase;
			buildActionMask = 2147483647;
			files = (
				191B03B41BB6E3B500C8B3F8 /* SVProgressHUD.bundle in Resources */,
				1909E4B81BB043FF00662CD3 /* Test.storyboard in Resources */,
				191B03981BB6CBC300C8B3F8 /* Registe&Login.storyboard in Resources */,
				19367BAA1BBED9090009D628 /* Main.storyboard in Resources */,
				1909E4BD1BB043FF00662CD3 /* LaunchScreen.xib in Resources */,
				1909E4BA1BB043FF00662CD3 /* Images.xcassets in Resources */,
			);
			runOnlyForDeploymentPostprocessing = 0;
		};
		1909E4C01BB043FF00662CD3 /* Resources */ = {
			isa = PBXResourcesBuildPhase;
			buildActionMask = 2147483647;
			files = (
			);
			runOnlyForDeploymentPostprocessing = 0;
		};
/* End PBXResourcesBuildPhase section */

/* Begin PBXShellScriptBuildPhase section */
		3E6332A658993D5BC080D322 /* Check Pods Manifest.lock */ = {
			isa = PBXShellScriptBuildPhase;
			buildActionMask = 2147483647;
			files = (
			);
			inputPaths = (
			);
			name = "Check Pods Manifest.lock";
			outputPaths = (
			);
			runOnlyForDeploymentPostprocessing = 0;
			shellPath = /bin/sh;
			shellScript = "diff \"${PODS_ROOT}/../Podfile.lock\" \"${PODS_ROOT}/Manifest.lock\" > /dev/null\nif [[ $? != 0 ]] ; then\n    cat << EOM\nerror: The sandbox is not in sync with the Podfile.lock. Run 'pod install' or update your CocoaPods installation.\nEOM\n    exit 1\nfi\n";
			showEnvVarsInLog = 0;
		};
		C6A9AA83E1E8E8471B5332FF /* Copy Pods Resources */ = {
			isa = PBXShellScriptBuildPhase;
			buildActionMask = 2147483647;
			files = (
			);
			inputPaths = (
			);
			name = "Copy Pods Resources";
			outputPaths = (
			);
			runOnlyForDeploymentPostprocessing = 0;
			shellPath = /bin/sh;
			shellScript = "\"${SRCROOT}/Pods/Target Support Files/Pods-L-FMS-iOS/Pods-L-FMS-iOS-resources.sh\"\n";
			showEnvVarsInLog = 0;
		};
/* End PBXShellScriptBuildPhase section */

/* Begin PBXSourcesBuildPhase section */
		1909E4A21BB043FF00662CD3 /* Sources */ = {
			isa = PBXSourcesBuildPhase;
			buildActionMask = 2147483647;
			files = (
				19335B051BC3B25100E48ED4 /* Item.m in Sources */,
				191B03A01BB6CC5A00C8B3F8 /* LFRegisteViewController.m in Sources */,
				19335B331BC4F3DC00E48ED4 /* LFMailBoxCommentTableViewCell.m in Sources */,
				1909E4AF1BB043FF00662CD3 /* AppDelegate.m in Sources */,
				191B03A91BB6DEAA00C8B3F8 /* LFUtils.m in Sources */,
				19335B0D1BC3B49900E48ED4 /* LFUser.m in Sources */,
				195102811BC25DAB00AB12A4 /* UserInfoItemTableViewCell.m in Sources */,
				19335B121BC3CAA400E48ED4 /* ZRUtils.m in Sources */,
				19335B1B1BC3ECCE00E48ED4 /* LFCacheService.m in Sources */,
				19367BB01BBEDB7B0009D628 /* JVLeftDrawerTableViewController.m in Sources */,
				1977C0FC1BBFD15A00F15DC7 /* LFMailBoxTableViewCell.m in Sources */,
				1909E4B21BB043FF00662CD3 /* L_FMS_iOS.xcdatamodeld in Sources */,
				19335B241BC415AF00E48ED4 /* LFMyItemViewController.m in Sources */,
				19335B0A1BC3B3B600E48ED4 /* LFAVSubclassRegister.m in Sources */,
				19335B2B1BC4261300E48ED4 /* LFActivityIndicatorLabel.m in Sources */,
				191B039D1BB6CBFE00C8B3F8 /* LFLoginViewController.m in Sources */,
				19335B301BC4E97800E48ED4 /* LFItemTableViewCell.m in Sources */,
				19367BB31BBEDBF80009D628 /* JVRightDrawerTableViewController.m in Sources */,
				19367BB71BBEEC900009D628 /* LFLostAndFoundViewController.m in Sources */,
				19335B161BC3CAE400E48ED4 /* ZRRegularExpressionValidateUtilsImp.m in Sources */,
				191B03B51BB6E3B500C8B3F8 /* SVProgressHUD.m in Sources */,
				19335B201BC3ECED00E48ED4 /* LFFileService.m in Sources */,
				1977C0F81BBFCA5E00F15DC7 /* LFMailBoxTableViewController.m in Sources */,
				19C92FAE1BC12DEA00316F0F /* NewItemTableViewController.m in Sources */,
				1977C0F51BBFBE2500F15DC7 /* JVRightDrawerCell.m in Sources */,
				1909E4B51BB043FF00662CD3 /* ViewController.m in Sources */,
				19C92FB21BC13DF500316F0F /* UserInformationViewController.m in Sources */,
				1977C0F11BBEF6E100F15DC7 /* JVLeftDrawerCell.m in Sources */,
				1909E4AC1BB043FF00662CD3 /* main.m in Sources */,
				191B03AD1BB6E02E00C8B3F8 /* UIImage+ZRResize.m in Sources */,
			);
			runOnlyForDeploymentPostprocessing = 0;
		};
		1909E4BE1BB043FF00662CD3 /* Sources */ = {
			isa = PBXSourcesBuildPhase;
			buildActionMask = 2147483647;
			files = (
				1909E4C91BB043FF00662CD3 /* L_FMS_iOSTests.m in Sources */,
			);
			runOnlyForDeploymentPostprocessing = 0;
		};
/* End PBXSourcesBuildPhase section */

/* Begin PBXTargetDependency section */
		1909E4C41BB043FF00662CD3 /* PBXTargetDependency */ = {
			isa = PBXTargetDependency;
			target = 1909E4A51BB043FF00662CD3 /* L-FMS-iOS */;
			targetProxy = 1909E4C31BB043FF00662CD3 /* PBXContainerItemProxy */;
		};
/* End PBXTargetDependency section */

/* Begin PBXVariantGroup section */
		1909E4B61BB043FF00662CD3 /* Test.storyboard */ = {
			isa = PBXVariantGroup;
			children = (
				1909E4B71BB043FF00662CD3 /* Base */,
			);
			name = Test.storyboard;
			sourceTree = "<group>";
		};
		1909E4BB1BB043FF00662CD3 /* LaunchScreen.xib */ = {
			isa = PBXVariantGroup;
			children = (
				1909E4BC1BB043FF00662CD3 /* Base */,
			);
			name = LaunchScreen.xib;
			sourceTree = "<group>";
		};
/* End PBXVariantGroup section */

/* Begin XCBuildConfiguration section */
		1909E4CA1BB043FF00662CD3 /* Debug */ = {
			isa = XCBuildConfiguration;
			buildSettings = {
				ALWAYS_SEARCH_USER_PATHS = NO;
				CLANG_CXX_LANGUAGE_STANDARD = "gnu++0x";
				CLANG_CXX_LIBRARY = "libc++";
				CLANG_ENABLE_MODULES = YES;
				CLANG_ENABLE_OBJC_ARC = YES;
				CLANG_WARN_BOOL_CONVERSION = YES;
				CLANG_WARN_CONSTANT_CONVERSION = YES;
				CLANG_WARN_DIRECT_OBJC_ISA_USAGE = YES_ERROR;
				CLANG_WARN_EMPTY_BODY = YES;
				CLANG_WARN_ENUM_CONVERSION = YES;
				CLANG_WARN_INT_CONVERSION = YES;
				CLANG_WARN_OBJC_ROOT_CLASS = YES_ERROR;
				CLANG_WARN_UNREACHABLE_CODE = YES;
				CLANG_WARN__DUPLICATE_METHOD_MATCH = YES;
				"CODE_SIGN_IDENTITY[sdk=iphoneos*]" = "iPhone Developer";
				COPY_PHASE_STRIP = NO;
				DEBUG_INFORMATION_FORMAT = "dwarf-with-dsym";
				ENABLE_STRICT_OBJC_MSGSEND = YES;
				GCC_C_LANGUAGE_STANDARD = gnu99;
				GCC_DYNAMIC_NO_PIC = NO;
				GCC_NO_COMMON_BLOCKS = YES;
				GCC_OPTIMIZATION_LEVEL = 0;
				GCC_PREPROCESSOR_DEFINITIONS = (
					"DEBUG=1",
					"$(inherited)",
				);
				GCC_SYMBOLS_PRIVATE_EXTERN = NO;
				GCC_WARN_64_TO_32_BIT_CONVERSION = YES;
				GCC_WARN_ABOUT_RETURN_TYPE = YES_ERROR;
				GCC_WARN_UNDECLARED_SELECTOR = YES;
				GCC_WARN_UNINITIALIZED_AUTOS = YES_AGGRESSIVE;
				GCC_WARN_UNUSED_FUNCTION = YES;
				GCC_WARN_UNUSED_VARIABLE = YES;
				IPHONEOS_DEPLOYMENT_TARGET = 8.4;
				MTL_ENABLE_DEBUG_INFO = YES;
				ONLY_ACTIVE_ARCH = YES;
				SDKROOT = iphoneos;
			};
			name = Debug;
		};
		1909E4CB1BB043FF00662CD3 /* Release */ = {
			isa = XCBuildConfiguration;
			buildSettings = {
				ALWAYS_SEARCH_USER_PATHS = NO;
				CLANG_CXX_LANGUAGE_STANDARD = "gnu++0x";
				CLANG_CXX_LIBRARY = "libc++";
				CLANG_ENABLE_MODULES = YES;
				CLANG_ENABLE_OBJC_ARC = YES;
				CLANG_WARN_BOOL_CONVERSION = YES;
				CLANG_WARN_CONSTANT_CONVERSION = YES;
				CLANG_WARN_DIRECT_OBJC_ISA_USAGE = YES_ERROR;
				CLANG_WARN_EMPTY_BODY = YES;
				CLANG_WARN_ENUM_CONVERSION = YES;
				CLANG_WARN_INT_CONVERSION = YES;
				CLANG_WARN_OBJC_ROOT_CLASS = YES_ERROR;
				CLANG_WARN_UNREACHABLE_CODE = YES;
				CLANG_WARN__DUPLICATE_METHOD_MATCH = YES;
				"CODE_SIGN_IDENTITY[sdk=iphoneos*]" = "iPhone Developer";
				COPY_PHASE_STRIP = NO;
				DEBUG_INFORMATION_FORMAT = "dwarf-with-dsym";
				ENABLE_NS_ASSERTIONS = NO;
				ENABLE_STRICT_OBJC_MSGSEND = YES;
				GCC_C_LANGUAGE_STANDARD = gnu99;
				GCC_NO_COMMON_BLOCKS = YES;
				GCC_WARN_64_TO_32_BIT_CONVERSION = YES;
				GCC_WARN_ABOUT_RETURN_TYPE = YES_ERROR;
				GCC_WARN_UNDECLARED_SELECTOR = YES;
				GCC_WARN_UNINITIALIZED_AUTOS = YES_AGGRESSIVE;
				GCC_WARN_UNUSED_FUNCTION = YES;
				GCC_WARN_UNUSED_VARIABLE = YES;
				IPHONEOS_DEPLOYMENT_TARGET = 8.4;
				MTL_ENABLE_DEBUG_INFO = NO;
				SDKROOT = iphoneos;
				VALIDATE_PRODUCT = YES;
			};
			name = Release;
		};
		1909E4CD1BB043FF00662CD3 /* Debug */ = {
			isa = XCBuildConfiguration;
			baseConfigurationReference = 573EFAED99B710C8CB67FDE1 /* Pods-L-FMS-iOS.debug.xcconfig */;
			buildSettings = {
				ASSETCATALOG_COMPILER_APPICON_NAME = AppIcon;
				INFOPLIST_FILE = "L-FMS-iOS/Info.plist";
				IPHONEOS_DEPLOYMENT_TARGET = 8.0;
				LD_RUNPATH_SEARCH_PATHS = "$(inherited) @executable_path/Frameworks";
				PRODUCT_NAME = "$(TARGET_NAME)";
			};
			name = Debug;
		};
		1909E4CE1BB043FF00662CD3 /* Release */ = {
			isa = XCBuildConfiguration;
			baseConfigurationReference = 01503B5D97C9604D74D64431 /* Pods-L-FMS-iOS.release.xcconfig */;
			buildSettings = {
				ASSETCATALOG_COMPILER_APPICON_NAME = AppIcon;
				INFOPLIST_FILE = "L-FMS-iOS/Info.plist";
				IPHONEOS_DEPLOYMENT_TARGET = 8.0;
				LD_RUNPATH_SEARCH_PATHS = "$(inherited) @executable_path/Frameworks";
				PRODUCT_NAME = "$(TARGET_NAME)";
			};
			name = Release;
		};
		1909E4D01BB043FF00662CD3 /* Debug */ = {
			isa = XCBuildConfiguration;
			buildSettings = {
				BUNDLE_LOADER = "$(TEST_HOST)";
				FRAMEWORK_SEARCH_PATHS = (
					"$(SDKROOT)/Developer/Library/Frameworks",
					"$(inherited)",
				);
				GCC_PREPROCESSOR_DEFINITIONS = (
					"DEBUG=1",
					"$(inherited)",
				);
				INFOPLIST_FILE = "L-FMS-iOSTests/Info.plist";
				LD_RUNPATH_SEARCH_PATHS = "$(inherited) @executable_path/Frameworks @loader_path/Frameworks";
				PRODUCT_NAME = "$(TARGET_NAME)";
				TEST_HOST = "$(BUILT_PRODUCTS_DIR)/L-FMS-iOS.app/L-FMS-iOS";
			};
			name = Debug;
		};
		1909E4D11BB043FF00662CD3 /* Release */ = {
			isa = XCBuildConfiguration;
			buildSettings = {
				BUNDLE_LOADER = "$(TEST_HOST)";
				FRAMEWORK_SEARCH_PATHS = (
					"$(SDKROOT)/Developer/Library/Frameworks",
					"$(inherited)",
				);
				INFOPLIST_FILE = "L-FMS-iOSTests/Info.plist";
				LD_RUNPATH_SEARCH_PATHS = "$(inherited) @executable_path/Frameworks @loader_path/Frameworks";
				PRODUCT_NAME = "$(TARGET_NAME)";
				TEST_HOST = "$(BUILT_PRODUCTS_DIR)/L-FMS-iOS.app/L-FMS-iOS";
			};
			name = Release;
		};
/* End XCBuildConfiguration section */

/* Begin XCConfigurationList section */
		1909E4A11BB043FF00662CD3 /* Build configuration list for PBXProject "L-FMS-iOS" */ = {
			isa = XCConfigurationList;
			buildConfigurations = (
				1909E4CA1BB043FF00662CD3 /* Debug */,
				1909E4CB1BB043FF00662CD3 /* Release */,
			);
			defaultConfigurationIsVisible = 0;
			defaultConfigurationName = Release;
		};
		1909E4CC1BB043FF00662CD3 /* Build configuration list for PBXNativeTarget "L-FMS-iOS" */ = {
			isa = XCConfigurationList;
			buildConfigurations = (
				1909E4CD1BB043FF00662CD3 /* Debug */,
				1909E4CE1BB043FF00662CD3 /* Release */,
			);
			defaultConfigurationIsVisible = 0;
			defaultConfigurationName = Release;
		};
		1909E4CF1BB043FF00662CD3 /* Build configuration list for PBXNativeTarget "L-FMS-iOSTests" */ = {
			isa = XCConfigurationList;
			buildConfigurations = (
				1909E4D01BB043FF00662CD3 /* Debug */,
				1909E4D11BB043FF00662CD3 /* Release */,
			);
			defaultConfigurationIsVisible = 0;
			defaultConfigurationName = Release;
		};
/* End XCConfigurationList section */

/* Begin XCVersionGroup section */
		1909E4B01BB043FF00662CD3 /* L_FMS_iOS.xcdatamodeld */ = {
			isa = XCVersionGroup;
			children = (
				1909E4B11BB043FF00662CD3 /* L_FMS_iOS.xcdatamodel */,
			);
			currentVersion = 1909E4B11BB043FF00662CD3 /* L_FMS_iOS.xcdatamodel */;
			path = L_FMS_iOS.xcdatamodeld;
			sourceTree = "<group>";
			versionGroupType = wrapper.xcdatamodel;
		};
/* End XCVersionGroup section */
	};
	rootObject = 1909E49E1BB043FF00662CD3 /* Project object */;
}
